
Microsoft Visual Studio Solution File, Format Version 12.00
# Visual Studio Version 16
VisualStudioVersion = 16.0.29709.97
MinimumVisualStudioVersion = 10.0.40219.1
Project("{FAE04EC0-301F-11D3-BF4B-00C04F79EFBC}") = "SettingUpBootstrap", "SettingUpBootstrap\SettingUpBootstrap.csproj", "{E141F96F-E3C5-4A6E-A905-68F1CCF666C1}"
EndProject
Global
	GlobalSection(SolutionConfigurationPlatforms) = preSolution
		Debug|Any CPU = Debug|Any CPU
		Release|Any CPU = Release|Any CPU
	EndGlobalSection
	GlobalSection(ProjectConfigurationPlatforms) = postSolution
		{E141F96F-E3C5-4A6E-A905-68F1CCF666C1}.Debug|Any CPU.ActiveCfg = Debug|Any CPU
		{E141F96F-E3C5-4A6E-A905-68F1CCF666C1}.Debug|Any CPU.Build.0 = Debug|Any CPU
		{E141F96F-E3C5-4A6E-A905-68F1CCF666C1}.Release|Any CPU.ActiveCfg = Release|Any CPU
		{E141F96F-E3C5-4A6E-A905-68F1CCF666C1}.Release|Any CPU.Build.0 = Release|Any CPU
	EndGlobalSection
	GlobalSection(SolutionProperties) = preSolution
		HideSolutionNode = FALSE
	EndGlobalSection
	GlobalSection(ExtensibilityGlobals) = postSolution
		SolutionGuid = {F6FE4153-875E-4A75-B01F-B5E427236D0A}
	EndGlobalSection
EndGlobal
