
Microsoft Visual Studio Solution File, Format Version 12.00
# Visual Studio Version 16
VisualStudioVersion = 16.0.29709.97
MinimumVisualStudioVersion = 10.0.40219.1
Project("{FAE04EC0-301F-11D3-BF4B-00C04F79EFBC}") = "Paragraphs", "Paragraphs\Paragraphs.csproj", "{25208374-83AC-467C-9A7C-C0ECFFEE3E88}"
EndProject
Global
	GlobalSection(SolutionConfigurationPlatforms) = preSolution
		Debug|Any CPU = Debug|Any CPU
		Release|Any CPU = Release|Any CPU
	EndGlobalSection
	GlobalSection(ProjectConfigurationPlatforms) = postSolution
		{25208374-83AC-467C-9A7C-C0ECFFEE3E88}.Debug|Any CPU.ActiveCfg = Debug|Any CPU
		{25208374-83AC-467C-9A7C-C0ECFFEE3E88}.Debug|Any CPU.Build.0 = Debug|Any CPU
		{25208374-83AC-467C-9A7C-C0ECFFEE3E88}.Release|Any CPU.ActiveCfg = Release|Any CPU
		{25208374-83AC-467C-9A7C-C0ECFFEE3E88}.Release|Any CPU.Build.0 = Release|Any CPU
	EndGlobalSection
	GlobalSection(SolutionProperties) = preSolution
		HideSolutionNode = FALSE
	EndGlobalSection
	GlobalSection(ExtensibilityGlobals) = postSolution
		SolutionGuid = {A076610B-BC17-4BE4-AB94-C12A31A0CB56}
	EndGlobalSection
EndGlobal
