
Microsoft Visual Studio Solution File, Format Version 12.00
# Visual Studio Version 16
VisualStudioVersion = 16.0.29709.97
MinimumVisualStudioVersion = 10.0.40219.1
Project("{FAE04EC0-301F-11D3-BF4B-00C04F79EFBC}") = "GridClasses", "GridClasses\GridClasses.csproj", "{8B4CBF68-AD5D-40F3-A84D-B709D54C80A8}"
EndProject
Global
	GlobalSection(SolutionConfigurationPlatforms) = preSolution
		Debug|Any CPU = Debug|Any CPU
		Release|Any CPU = Release|Any CPU
	EndGlobalSection
	GlobalSection(ProjectConfigurationPlatforms) = postSolution
		{8B4CBF68-AD5D-40F3-A84D-B709D54C80A8}.Debug|Any CPU.ActiveCfg = Debug|Any CPU
		{8B4CBF68-AD5D-40F3-A84D-B709D54C80A8}.Debug|Any CPU.Build.0 = Debug|Any CPU
		{8B4CBF68-AD5D-40F3-A84D-B709D54C80A8}.Release|Any CPU.ActiveCfg = Release|Any CPU
		{8B4CBF68-AD5D-40F3-A84D-B709D54C80A8}.Release|Any CPU.Build.0 = Release|Any CPU
	EndGlobalSection
	GlobalSection(SolutionProperties) = preSolution
		HideSolutionNode = FALSE
	EndGlobalSection
	GlobalSection(ExtensibilityGlobals) = postSolution
		SolutionGuid = {55F2C148-A0C4-4D29-8F6C-8BEF34462E70}
	EndGlobalSection
EndGlobal
